// !$*UTF8*$!
{
	archiveVersion = 1;
	classes = {
	};
	objectVersion = 55;
	objects = {

/* Begin PBXBuildFile section */
		FE5FAAF028728D44000124F5 /* DockableController.swift in Sources */ = {isa = PBXBuildFile; fileRef = FE5FAAEF28728D44000124F5 /* DockableController.swift */; };
		FE89E3C7283B732400A8E78C /* H264Encoder.m in Sources */ = {isa = PBXBuildFile; fileRef = FE89E3C6283B732400A8E78C /* H264Encoder.m */; };
		FEB33291283B8A8D00D768C6 /* H264Decoder.m in Sources */ = {isa = PBXBuildFile; fileRef = FEB33290283B8A8D00D768C6 /* H264Decoder.m */; };
		FEB33294283B903300D768C6 /* AAPLEAGLLayer.m in Sources */ = {isa = PBXBuildFile; fileRef = FEB33293283B903300D768C6 /* AAPLEAGLLayer.m */; };
		FEB3329A283DBC5200D768C6 /* H264Encoder.swift in Sources */ = {isa = PBXBuildFile; fileRef = FEB33299283DBC5200D768C6 /* H264Encoder.swift */; };
		FEB3329C283DE2BB00D768C6 /* H264Decoder.swift in Sources */ = {isa = PBXBuildFile; fileRef = FEB3329B283DE2BB00D768C6 /* H264Decoder.swift */; };
		FEB3329E283DFF8A00D768C6 /* AACEncoder.swift in Sources */ = {isa = PBXBuildFile; fileRef = FEB3329D283DFF8A00D768C6 /* AACEncoder.swift */; };
		FEB332A1283E149D00D768C6 /* AACPlayer.m in Sources */ = {isa = PBXBuildFile; fileRef = FEB332A0283E149D00D768C6 /* AACPlayer.m */; };
		FEBD59F4283B6AB000AE9482 /* AppDelegate.swift in Sources */ = {isa = PBXBuildFile; fileRef = FEBD59F3283B6AB000AE9482 /* AppDelegate.swift */; };
		FEBD59F8283B6AB000AE9482 /* ViewController.swift in Sources */ = {isa = PBXBuildFile; fileRef = FEBD59F7283B6AB000AE9482 /* ViewController.swift */; };
		FEBD59FB283B6AB000AE9482 /* Main.storyboard in Resources */ = {isa = PBXBuildFile; fileRef = FEBD59F9283B6AB000AE9482 /* Main.storyboard */; };
		FEBD59FD283B6AB200AE9482 /* Assets.xcassets in Resources */ = {isa = PBXBuildFile; fileRef = FEBD59FC283B6AB200AE9482 /* Assets.xcassets */; };
		FEBD5A00283B6AB200AE9482 /* LaunchScreen.storyboard in Resources */ = {isa = PBXBuildFile; fileRef = FEBD59FE283B6AB200AE9482 /* LaunchScreen.storyboard */; };
		FEBD5A0B283B6AB300AE9482 /* TPVideoCallTests.swift in Sources */ = {isa = PBXBuildFile; fileRef = FEBD5A0A283B6AB300AE9482 /* TPVideoCallTests.swift */; };
		FEBD5A15283B6AB300AE9482 /* TPVideoCallUITests.swift in Sources */ = {isa = PBXBuildFile; fileRef = FEBD5A14283B6AB300AE9482 /* TPVideoCallUITests.swift */; };
		FEBD5A17283B6AB300AE9482 /* TPVideoCallUITestsLaunchTests.swift in Sources */ = {isa = PBXBuildFile; fileRef = FEBD5A16283B6AB300AE9482 /* TPVideoCallUITestsLaunchTests.swift */; };
		FEE12CB128F9D15D00211967 /* VideoDecoder.swift in Sources */ = {isa = PBXBuildFile; fileRef = FEE12CB028F9D15D00211967 /* VideoDecoder.swift */; };
		FEE12CB328F9D16800211967 /* VideoEncoder.swift in Sources */ = {isa = PBXBuildFile; fileRef = FEE12CB228F9D16800211967 /* VideoEncoder.swift */; };
		FEE12CBF28FC68E400211967 /* Message.swift in Sources */ = {isa = PBXBuildFile; fileRef = FEE12CB728FC68E400211967 /* Message.swift */; };
		FEE12CC028FC68E400211967 /* WebSocketProvider.swift in Sources */ = {isa = PBXBuildFile; fileRef = FEE12CB928FC68E400211967 /* WebSocketProvider.swift */; };
		FEE12CC128FC68E400211967 /* NativeWebSocket.swift in Sources */ = {isa = PBXBuildFile; fileRef = FEE12CBA28FC68E400211967 /* NativeWebSocket.swift */; };
		FEE12CC228FC68E400211967 /* StarscreamProvider.swift in Sources */ = {isa = PBXBuildFile; fileRef = FEE12CBB28FC68E400211967 /* StarscreamProvider.swift */; };
		FEE12CC328FC68E400211967 /* WebRTCClient.swift in Sources */ = {isa = PBXBuildFile; fileRef = FEE12CBC28FC68E400211967 /* WebRTCClient.swift */; };
		FEE12CC428FC68E400211967 /* SignalingClient.swift in Sources */ = {isa = PBXBuildFile; fileRef = FEE12CBD28FC68E400211967 /* SignalingClient.swift */; };
		FEE12CCC28FC68F100211967 /* RTCStates.swift in Sources */ = {isa = PBXBuildFile; fileRef = FEE12CC728FC68F100211967 /* RTCStates.swift */; };
		FEE12CCD28FC68F100211967 /* SessionDescription.swift in Sources */ = {isa = PBXBuildFile; fileRef = FEE12CC828FC68F100211967 /* SessionDescription.swift */; };
		FEE12CCE28FC68F100211967 /* IceCandidate.swift in Sources */ = {isa = PBXBuildFile; fileRef = FEE12CC928FC68F100211967 /* IceCandidate.swift */; };
		FEE12CCF28FC68F100211967 /* BufferData.swift in Sources */ = {isa = PBXBuildFile; fileRef = FEE12CCA28FC68F100211967 /* BufferData.swift */; };
		FEE12CD228FC694600211967 /* SignalMessage.swift in Sources */ = {isa = PBXBuildFile; fileRef = FEE12CD128FC694600211967 /* SignalMessage.swift */; };
		FEEEB68328F6600F00D8357B /* H265Encoder.swift in Sources */ = {isa = PBXBuildFile; fileRef = FEEEB68228F6600F00D8357B /* H265Encoder.swift */; };
		FEEEB68528F6710700D8357B /* H265Decoder.swift in Sources */ = {isa = PBXBuildFile; fileRef = FEEEB68428F6710700D8357B /* H265Decoder.swift */; };
		FEEEB6A628F6A5C000D8357B /* Config.swift in Sources */ = {isa = PBXBuildFile; fileRef = FEEEB6A528F6A5C000D8357B /* Config.swift */; };
		FEEEB6AA28F6AB6500D8357B /* Starscream in Frameworks */ = {isa = PBXBuildFile; productRef = FEEEB6A928F6AB6500D8357B /* Starscream */; };
		FEEEB6AB28F6AB6900D8357B /* WebRTC.xcframework in Frameworks */ = {isa = PBXBuildFile; fileRef = FEEEB6A728F6AAC700D8357B /* WebRTC.xcframework */; };
		FEEEB6AC28F6AB6900D8357B /* WebRTC.xcframework in Embed Frameworks */ = {isa = PBXBuildFile; fileRef = FEEEB6A728F6AAC700D8357B /* WebRTC.xcframework */; settings = {ATTRIBUTES = (CodeSignOnCopy, RemoveHeadersOnCopy, ); }; };
		FEEEB6B128F7059E00D8357B /* AACPlayer.swift in Sources */ = {isa = PBXBuildFile; fileRef = FEEEB6B028F7059E00D8357B /* AACPlayer.swift */; };
		FEEEB6B728F8451900D8357B /* StreamController.swift in Sources */ = {isa = PBXBuildFile; fileRef = FEEEB6B628F8451900D8357B /* StreamController.swift */; };
/* End PBXBuildFile section */

/* Begin PBXContainerItemProxy section */
		FEBD5A07283B6AB300AE9482 /* PBXContainerItemProxy */ = {
			isa = PBXContainerItemProxy;
			containerPortal = FEBD59E8283B6AB000AE9482 /* Project object */;
			proxyType = 1;
			remoteGlobalIDString = FEBD59EF283B6AB000AE9482;
			remoteInfo = TPVideoCall;
		};
		FEBD5A11283B6AB300AE9482 /* PBXContainerItemProxy */ = {
			isa = PBXContainerItemProxy;
			containerPortal = FEBD59E8283B6AB000AE9482 /* Project object */;
			proxyType = 1;
			remoteGlobalIDString = FEBD59EF283B6AB000AE9482;
			remoteInfo = TPVideoCall;
		};
/* End PBXContainerItemProxy section */

/* Begin PBXCopyFilesBuildPhase section */
		FEEEB6AD28F6AB6900D8357B /* Embed Frameworks */ = {
			isa = PBXCopyFilesBuildPhase;
			buildActionMask = 2147483647;
			dstPath = "";
			dstSubfolderSpec = 10;
			files = (
				FEEEB6AC28F6AB6900D8357B /* WebRTC.xcframework in Embed Frameworks */,
			);
			name = "Embed Frameworks";
			runOnlyForDeploymentPostprocessing = 0;
		};
/* End PBXCopyFilesBuildPhase section */

/* Begin PBXFileReference section */
		FE5FAAEF28728D44000124F5 /* DockableController.swift */ = {isa = PBXFileReference; lastKnownFileType = sourcecode.swift; path = DockableController.swift; sourceTree = "<group>"; };
		FE89E3C5283B732400A8E78C /* TPVideoCall-Bridging-Header.h */ = {isa = PBXFileReference; lastKnownFileType = sourcecode.c.h; path = "TPVideoCall-Bridging-Header.h"; sourceTree = "<group>"; };
		FE89E3C6283B732400A8E78C /* H264Encoder.m */ = {isa = PBXFileReference; lastKnownFileType = sourcecode.c.objc; path = H264Encoder.m; sourceTree = "<group>"; };
		FE89E3C8283B736800A8E78C /* H264Encoder.h */ = {isa = PBXFileReference; lastKnownFileType = sourcecode.c.h; path = H264Encoder.h; sourceTree = "<group>"; };
		FEB3328F283B8A7A00D768C6 /* H264Decoder.h */ = {isa = PBXFileReference; lastKnownFileType = sourcecode.c.h; path = H264Decoder.h; sourceTree = "<group>"; };
		FEB33290283B8A8D00D768C6 /* H264Decoder.m */ = {isa = PBXFileReference; lastKnownFileType = sourcecode.c.objc; path = H264Decoder.m; sourceTree = "<group>"; };
		FEB33292283B903300D768C6 /* AAPLEAGLLayer.h */ = {isa = PBXFileReference; fileEncoding = 4; lastKnownFileType = sourcecode.c.h; path = AAPLEAGLLayer.h; sourceTree = "<group>"; };
		FEB33293283B903300D768C6 /* AAPLEAGLLayer.m */ = {isa = PBXFileReference; fileEncoding = 4; lastKnownFileType = sourcecode.c.objc; path = AAPLEAGLLayer.m; sourceTree = "<group>"; };
		FEB33295283B906300D768C6 /* HeaderDefine.h */ = {isa = PBXFileReference; fileEncoding = 4; lastKnownFileType = sourcecode.c.h; path = HeaderDefine.h; sourceTree = "<group>"; };
		FEB33299283DBC5200D768C6 /* H264Encoder.swift */ = {isa = PBXFileReference; lastKnownFileType = sourcecode.swift; path = H264Encoder.swift; sourceTree = "<group>"; };
		FEB3329B283DE2BB00D768C6 /* H264Decoder.swift */ = {isa = PBXFileReference; lastKnownFileType = sourcecode.swift; path = H264Decoder.swift; sourceTree = "<group>"; };
		FEB3329D283DFF8A00D768C6 /* AACEncoder.swift */ = {isa = PBXFileReference; lastKnownFileType = sourcecode.swift; path = AACEncoder.swift; sourceTree = "<group>"; };
		FEB3329F283E149D00D768C6 /* AACPlayer.h */ = {isa = PBXFileReference; fileEncoding = 4; lastKnownFileType = sourcecode.c.h; path = AACPlayer.h; sourceTree = "<group>"; };
		FEB332A0283E149D00D768C6 /* AACPlayer.m */ = {isa = PBXFileReference; fileEncoding = 4; lastKnownFileType = sourcecode.c.objc; path = AACPlayer.m; sourceTree = "<group>"; };
		FEBD59F0283B6AB000AE9482 /* TPVideoCall.app */ = {isa = PBXFileReference; explicitFileType = wrapper.application; includeInIndex = 0; path = TPVideoCall.app; sourceTree = BUILT_PRODUCTS_DIR; };
		FEBD59F3283B6AB000AE9482 /* AppDelegate.swift */ = {isa = PBXFileReference; lastKnownFileType = sourcecode.swift; path = AppDelegate.swift; sourceTree = "<group>"; };
		FEBD59F7283B6AB000AE9482 /* ViewController.swift */ = {isa = PBXFileReference; lastKnownFileType = sourcecode.swift; path = ViewController.swift; sourceTree = "<group>"; };
		FEBD59FA283B6AB000AE9482 /* Base */ = {isa = PBXFileReference; lastKnownFileType = file.storyboard; name = Base; path = Base.lproj/Main.storyboard; sourceTree = "<group>"; };
		FEBD59FC283B6AB200AE9482 /* Assets.xcassets */ = {isa = PBXFileReference; lastKnownFileType = folder.assetcatalog; path = Assets.xcassets; sourceTree = "<group>"; };
		FEBD59FF283B6AB200AE9482 /* Base */ = {isa = PBXFileReference; lastKnownFileType = file.storyboard; name = Base; path = Base.lproj/LaunchScreen.storyboard; sourceTree = "<group>"; };
		FEBD5A01283B6AB200AE9482 /* Info.plist */ = {isa = PBXFileReference; lastKnownFileType = text.plist.xml; path = Info.plist; sourceTree = "<group>"; };
		FEBD5A06283B6AB300AE9482 /* TPVideoCallTests.xctest */ = {isa = PBXFileReference; explicitFileType = wrapper.cfbundle; includeInIndex = 0; path = TPVideoCallTests.xctest; sourceTree = BUILT_PRODUCTS_DIR; };
		FEBD5A0A283B6AB300AE9482 /* TPVideoCallTests.swift */ = {isa = PBXFileReference; lastKnownFileType = sourcecode.swift; path = TPVideoCallTests.swift; sourceTree = "<group>"; };
		FEBD5A10283B6AB300AE9482 /* TPVideoCallUITests.xctest */ = {isa = PBXFileReference; explicitFileType = wrapper.cfbundle; includeInIndex = 0; path = TPVideoCallUITests.xctest; sourceTree = BUILT_PRODUCTS_DIR; };
		FEBD5A14283B6AB300AE9482 /* TPVideoCallUITests.swift */ = {isa = PBXFileReference; lastKnownFileType = sourcecode.swift; path = TPVideoCallUITests.swift; sourceTree = "<group>"; };
		FEBD5A16283B6AB300AE9482 /* TPVideoCallUITestsLaunchTests.swift */ = {isa = PBXFileReference; lastKnownFileType = sourcecode.swift; path = TPVideoCallUITestsLaunchTests.swift; sourceTree = "<group>"; };
		FEE12CB028F9D15D00211967 /* VideoDecoder.swift */ = {isa = PBXFileReference; lastKnownFileType = sourcecode.swift; path = VideoDecoder.swift; sourceTree = "<group>"; };
		FEE12CB228F9D16800211967 /* VideoEncoder.swift */ = {isa = PBXFileReference; lastKnownFileType = sourcecode.swift; path = VideoEncoder.swift; sourceTree = "<group>"; };
		FEE12CB728FC68E400211967 /* Message.swift */ = {isa = PBXFileReference; fileEncoding = 4; lastKnownFileType = sourcecode.swift; path = Message.swift; sourceTree = "<group>"; };
		FEE12CB928FC68E400211967 /* WebSocketProvider.swift */ = {isa = PBXFileReference; fileEncoding = 4; lastKnownFileType = sourcecode.swift; path = WebSocketProvider.swift; sourceTree = "<group>"; };
		FEE12CBA28FC68E400211967 /* NativeWebSocket.swift */ = {isa = PBXFileReference; fileEncoding = 4; lastKnownFileType = sourcecode.swift; path = NativeWebSocket.swift; sourceTree = "<group>"; };
		FEE12CBB28FC68E400211967 /* StarscreamProvider.swift */ = {isa = PBXFileReference; fileEncoding = 4; lastKnownFileType = sourcecode.swift; path = StarscreamProvider.swift; sourceTree = "<group>"; };
		FEE12CBC28FC68E400211967 /* WebRTCClient.swift */ = {isa = PBXFileReference; fileEncoding = 4; lastKnownFileType = sourcecode.swift; path = WebRTCClient.swift; sourceTree = "<group>"; };
		FEE12CBD28FC68E400211967 /* SignalingClient.swift */ = {isa = PBXFileReference; fileEncoding = 4; lastKnownFileType = sourcecode.swift; path = SignalingClient.swift; sourceTree = "<group>"; };
		FEE12CC728FC68F100211967 /* RTCStates.swift */ = {isa = PBXFileReference; fileEncoding = 4; lastKnownFileType = sourcecode.swift; path = RTCStates.swift; sourceTree = "<group>"; };
		FEE12CC828FC68F100211967 /* SessionDescription.swift */ = {isa = PBXFileReference; fileEncoding = 4; lastKnownFileType = sourcecode.swift; path = SessionDescription.swift; sourceTree = "<group>"; };
		FEE12CC928FC68F100211967 /* IceCandidate.swift */ = {isa = PBXFileReference; fileEncoding = 4; lastKnownFileType = sourcecode.swift; path = IceCandidate.swift; sourceTree = "<group>"; };
		FEE12CCA28FC68F100211967 /* BufferData.swift */ = {isa = PBXFileReference; fileEncoding = 4; lastKnownFileType = sourcecode.swift; path = BufferData.swift; sourceTree = "<group>"; };
		FEE12CD128FC694600211967 /* SignalMessage.swift */ = {isa = PBXFileReference; fileEncoding = 4; lastKnownFileType = sourcecode.swift; path = SignalMessage.swift; sourceTree = "<group>"; };
		FEEEB68228F6600F00D8357B /* H265Encoder.swift */ = {isa = PBXFileReference; lastKnownFileType = sourcecode.swift; path = H265Encoder.swift; sourceTree = "<group>"; };
		FEEEB68428F6710700D8357B /* H265Decoder.swift */ = {isa = PBXFileReference; lastKnownFileType = sourcecode.swift; path = H265Decoder.swift; sourceTree = "<group>"; };
		FEEEB6A528F6A5C000D8357B /* Config.swift */ = {isa = PBXFileReference; lastKnownFileType = sourcecode.swift; path = Config.swift; sourceTree = "<group>"; };
		FEEEB6A728F6AAC700D8357B /* WebRTC.xcframework */ = {isa = PBXFileReference; lastKnownFileType = wrapper.xcframework; name = WebRTC.xcframework; path = TPVideoCall/WebRTC.xcframework; sourceTree = "<group>"; };
		FEEEB6B028F7059E00D8357B /* AACPlayer.swift */ = {isa = PBXFileReference; lastKnownFileType = sourcecode.swift; path = AACPlayer.swift; sourceTree = "<group>"; };
		FEEEB6B628F8451900D8357B /* StreamController.swift */ = {isa = PBXFileReference; lastKnownFileType = sourcecode.swift; path = StreamController.swift; sourceTree = "<group>"; };
/* End PBXFileReference section */

/* Begin PBXFrameworksBuildPhase section */
		FEBD59ED283B6AB000AE9482 /* Frameworks */ = {
			isa = PBXFrameworksBuildPhase;
			buildActionMask = 2147483647;
			files = (
				FEEEB6AB28F6AB6900D8357B /* WebRTC.xcframework in Frameworks */,
				FEEEB6AA28F6AB6500D8357B /* Starscream in Frameworks */,
			);
			runOnlyForDeploymentPostprocessing = 0;
		};
		FEBD5A03283B6AB300AE9482 /* Frameworks */ = {
			isa = PBXFrameworksBuildPhase;
			buildActionMask = 2147483647;
			files = (
			);
			runOnlyForDeploymentPostprocessing = 0;
		};
		FEBD5A0D283B6AB300AE9482 /* Frameworks */ = {
			isa = PBXFrameworksBuildPhase;
			buildActionMask = 2147483647;
			files = (
			);
			runOnlyForDeploymentPostprocessing = 0;
		};
/* End PBXFrameworksBuildPhase section */

/* Begin PBXGroup section */
		FEBD59E7283B6AB000AE9482 = {
			isa = PBXGroup;
			children = (
				FEBD59F2283B6AB000AE9482 /* TPVideoCall */,
				FEBD5A09283B6AB300AE9482 /* TPVideoCallTests */,
				FEBD5A13283B6AB300AE9482 /* TPVideoCallUITests */,
				FEBD59F1283B6AB000AE9482 /* Products */,
				FEEEB68A28F6A2CD00D8357B /* Frameworks */,
			);
			sourceTree = "<group>";
		};
		FEBD59F1283B6AB000AE9482 /* Products */ = {
			isa = PBXGroup;
			children = (
				FEBD59F0283B6AB000AE9482 /* TPVideoCall.app */,
				FEBD5A06283B6AB300AE9482 /* TPVideoCallTests.xctest */,
				FEBD5A10283B6AB300AE9482 /* TPVideoCallUITests.xctest */,
			);
			name = Products;
			sourceTree = "<group>";
		};
		FEBD59F2283B6AB000AE9482 /* TPVideoCall */ = {
			isa = PBXGroup;
			children = (
				FEE12CC628FC68F100211967 /* Extensions */,
				FEE12CB628FC68E400211967 /* Services */,
				FEBD5A23283B6AD200AE9482 /* Lib */,
				FEBD59F3283B6AB000AE9482 /* AppDelegate.swift */,
				FEBD59F7283B6AB000AE9482 /* ViewController.swift */,
				FEBD59F9283B6AB000AE9482 /* Main.storyboard */,
				FEBD59FC283B6AB200AE9482 /* Assets.xcassets */,
				FEBD59FE283B6AB200AE9482 /* LaunchScreen.storyboard */,
				FEBD5A01283B6AB200AE9482 /* Info.plist */,
				FE5FAAEF28728D44000124F5 /* DockableController.swift */,
				FEEEB6A528F6A5C000D8357B /* Config.swift */,
				FEEEB6B628F8451900D8357B /* StreamController.swift */,
			);
			path = TPVideoCall;
			sourceTree = "<group>";
		};
		FEBD5A09283B6AB300AE9482 /* TPVideoCallTests */ = {
			isa = PBXGroup;
			children = (
				FEBD5A0A283B6AB300AE9482 /* TPVideoCallTests.swift */,
			);
			path = TPVideoCallTests;
			sourceTree = "<group>";
		};
		FEBD5A13283B6AB300AE9482 /* TPVideoCallUITests */ = {
			isa = PBXGroup;
			children = (
				FEBD5A14283B6AB300AE9482 /* TPVideoCallUITests.swift */,
				FEBD5A16283B6AB300AE9482 /* TPVideoCallUITestsLaunchTests.swift */,
			);
			path = TPVideoCallUITests;
			sourceTree = "<group>";
		};
		FEBD5A23283B6AD200AE9482 /* Lib */ = {
			isa = PBXGroup;
			children = (
				FEB3329F283E149D00D768C6 /* AACPlayer.h */,
				FEB332A0283E149D00D768C6 /* AACPlayer.m */,
				FEB33295283B906300D768C6 /* HeaderDefine.h */,
				FEB33292283B903300D768C6 /* AAPLEAGLLayer.h */,
				FEB33293283B903300D768C6 /* AAPLEAGLLayer.m */,
				FE89E3C6283B732400A8E78C /* H264Encoder.m */,
				FE89E3C8283B736800A8E78C /* H264Encoder.h */,
				FE89E3C5283B732400A8E78C /* TPVideoCall-Bridging-Header.h */,
				FEB3328F283B8A7A00D768C6 /* H264Decoder.h */,
				FEB33290283B8A8D00D768C6 /* H264Decoder.m */,
				FEB33299283DBC5200D768C6 /* H264Encoder.swift */,
				FEB3329B283DE2BB00D768C6 /* H264Decoder.swift */,
				FEB3329D283DFF8A00D768C6 /* AACEncoder.swift */,
				FEEEB68428F6710700D8357B /* H265Decoder.swift */,
				FEEEB68228F6600F00D8357B /* H265Encoder.swift */,
				FEEEB6B028F7059E00D8357B /* AACPlayer.swift */,
				FEE12CB028F9D15D00211967 /* VideoDecoder.swift */,
				FEE12CB228F9D16800211967 /* VideoEncoder.swift */,
			);
			path = Lib;
			sourceTree = "<group>";
		};
		FEE12CB628FC68E400211967 /* Services */ = {
			isa = PBXGroup;
			children = (
				FEE12CB728FC68E400211967 /* Message.swift */,
				FEE12CB828FC68E400211967 /* WebSocketProvider */,
				FEE12CBC28FC68E400211967 /* WebRTCClient.swift */,
				FEE12CBD28FC68E400211967 /* SignalingClient.swift */,
			);
			path = Services;
			sourceTree = "<group>";
		};
		FEE12CB828FC68E400211967 /* WebSocketProvider */ = {
			isa = PBXGroup;
			children = (
				FEE12CB928FC68E400211967 /* WebSocketProvider.swift */,
				FEE12CBA28FC68E400211967 /* NativeWebSocket.swift */,
				FEE12CBB28FC68E400211967 /* StarscreamProvider.swift */,
			);
			path = WebSocketProvider;
			sourceTree = "<group>";
		};
		FEE12CC628FC68F100211967 /* Extensions */ = {
			isa = PBXGroup;
			children = (
				FEE12CD128FC694600211967 /* SignalMessage.swift */,
				FEE12CC728FC68F100211967 /* RTCStates.swift */,
				FEE12CC828FC68F100211967 /* SessionDescription.swift */,
				FEE12CC928FC68F100211967 /* IceCandidate.swift */,
				FEE12CCA28FC68F100211967 /* BufferData.swift */,
			);
			path = Extensions;
			sourceTree = "<group>";
		};
		FEEEB68A28F6A2CD00D8357B /* Frameworks */ = {
			isa = PBXGroup;
			children = (
				FEEEB6A728F6AAC700D8357B /* WebRTC.xcframework */,
			);
			name = Frameworks;
			sourceTree = "<group>";
		};
/* End PBXGroup section */

/* Begin PBXNativeTarget section */
		FEBD59EF283B6AB000AE9482 /* TPVideoCall */ = {
			isa = PBXNativeTarget;
			buildConfigurationList = FEBD5A1A283B6AB300AE9482 /* Build configuration list for PBXNativeTarget "TPVideoCall" */;
			buildPhases = (
				FEBD59EC283B6AB000AE9482 /* Sources */,
				FEBD59ED283B6AB000AE9482 /* Frameworks */,
				FEBD59EE283B6AB000AE9482 /* Resources */,
				FEEEB6AD28F6AB6900D8357B /* Embed Frameworks */,
			);
			buildRules = (
			);
			dependencies = (
			);
			name = TPVideoCall;
			packageProductDependencies = (
				FEEEB6A928F6AB6500D8357B /* Starscream */,
			);
			productName = TPVideoCall;
			productReference = FEBD59F0283B6AB000AE9482 /* TPVideoCall.app */;
			productType = "com.apple.product-type.application";
		};
		FEBD5A05283B6AB300AE9482 /* TPVideoCallTests */ = {
			isa = PBXNativeTarget;
			buildConfigurationList = FEBD5A1D283B6AB300AE9482 /* Build configuration list for PBXNativeTarget "TPVideoCallTests" */;
			buildPhases = (
				FEBD5A02283B6AB300AE9482 /* Sources */,
				FEBD5A03283B6AB300AE9482 /* Frameworks */,
				FEBD5A04283B6AB300AE9482 /* Resources */,
			);
			buildRules = (
			);
			dependencies = (
				FEBD5A08283B6AB300AE9482 /* PBXTargetDependency */,
			);
			name = TPVideoCallTests;
			productName = TPVideoCallTests;
			productReference = FEBD5A06283B6AB300AE9482 /* TPVideoCallTests.xctest */;
			productType = "com.apple.product-type.bundle.unit-test";
		};
		FEBD5A0F283B6AB300AE9482 /* TPVideoCallUITests */ = {
			isa = PBXNativeTarget;
			buildConfigurationList = FEBD5A20283B6AB300AE9482 /* Build configuration list for PBXNativeTarget "TPVideoCallUITests" */;
			buildPhases = (
				FEBD5A0C283B6AB300AE9482 /* Sources */,
				FEBD5A0D283B6AB300AE9482 /* Frameworks */,
				FEBD5A0E283B6AB300AE9482 /* Resources */,
			);
			buildRules = (
			);
			dependencies = (
				FEBD5A12283B6AB300AE9482 /* PBXTargetDependency */,
			);
			name = TPVideoCallUITests;
			productName = TPVideoCallUITests;
			productReference = FEBD5A10283B6AB300AE9482 /* TPVideoCallUITests.xctest */;
			productType = "com.apple.product-type.bundle.ui-testing";
		};
/* End PBXNativeTarget section */

/* Begin PBXProject section */
		FEBD59E8283B6AB000AE9482 /* Project object */ = {
			isa = PBXProject;
			attributes = {
				BuildIndependentTargetsInParallel = 1;
				LastSwiftUpdateCheck = 1330;
				LastUpgradeCheck = 1330;
				TargetAttributes = {
					FEBD59EF283B6AB000AE9482 = {
						CreatedOnToolsVersion = 13.3.1;
						LastSwiftMigration = 1330;
					};
					FEBD5A05283B6AB300AE9482 = {
						CreatedOnToolsVersion = 13.3.1;
						TestTargetID = FEBD59EF283B6AB000AE9482;
					};
					FEBD5A0F283B6AB300AE9482 = {
						CreatedOnToolsVersion = 13.3.1;
						TestTargetID = FEBD59EF283B6AB000AE9482;
					};
				};
			};
			buildConfigurationList = FEBD59EB283B6AB000AE9482 /* Build configuration list for PBXProject "TPVideoCall" */;
			compatibilityVersion = "Xcode 13.0";
			developmentRegion = en;
			hasScannedForEncodings = 0;
			knownRegions = (
				en,
				Base,
			);
			mainGroup = FEBD59E7283B6AB000AE9482;
			packageReferences = (
				FEEEB69B28F6A33500D8357B /* XCRemoteSwiftPackageReference "Starscream" */,
			);
			productRefGroup = FEBD59F1283B6AB000AE9482 /* Products */;
			projectDirPath = "";
			projectRoot = "";
			targets = (
				FEBD59EF283B6AB000AE9482 /* TPVideoCall */,
				FEBD5A05283B6AB300AE9482 /* TPVideoCallTests */,
				FEBD5A0F283B6AB300AE9482 /* TPVideoCallUITests */,
			);
		};
/* End PBXProject section */

/* Begin PBXResourcesBuildPhase section */
		FEBD59EE283B6AB000AE9482 /* Resources */ = {
			isa = PBXResourcesBuildPhase;
			buildActionMask = 2147483647;
			files = (
				FEBD5A00283B6AB200AE9482 /* LaunchScreen.storyboard in Resources */,
				FEBD59FD283B6AB200AE9482 /* Assets.xcassets in Resources */,
				FEBD59FB283B6AB000AE9482 /* Main.storyboard in Resources */,
			);
			runOnlyForDeploymentPostprocessing = 0;
		};
		FEBD5A04283B6AB300AE9482 /* Resources */ = {
			isa = PBXResourcesBuildPhase;
			buildActionMask = 2147483647;
			files = (
			);
			runOnlyForDeploymentPostprocessing = 0;
		};
		FEBD5A0E283B6AB300AE9482 /* Resources */ = {
			isa = PBXResourcesBuildPhase;
			buildActionMask = 2147483647;
			files = (
			);
			runOnlyForDeploymentPostprocessing = 0;
		};
/* End PBXResourcesBuildPhase section */

/* Begin PBXSourcesBuildPhase section */
		FEBD59EC283B6AB000AE9482 /* Sources */ = {
			isa = PBXSourcesBuildPhase;
			buildActionMask = 2147483647;
			files = (
				FEB3329A283DBC5200D768C6 /* H264Encoder.swift in Sources */,
				FEE12CC028FC68E400211967 /* WebSocketProvider.swift in Sources */,
				FEE12CC128FC68E400211967 /* NativeWebSocket.swift in Sources */,
				FE89E3C7283B732400A8E78C /* H264Encoder.m in Sources */,
				FEB3329E283DFF8A00D768C6 /* AACEncoder.swift in Sources */,
				FEE12CBF28FC68E400211967 /* Message.swift in Sources */,
				FEE12CCF28FC68F100211967 /* BufferData.swift in Sources */,
				FEE12CC228FC68E400211967 /* StarscreamProvider.swift in Sources */,
				FEEEB6B728F8451900D8357B /* StreamController.swift in Sources */,
				FEEEB6A628F6A5C000D8357B /* Config.swift in Sources */,
				FEE12CC328FC68E400211967 /* WebRTCClient.swift in Sources */,
				FE5FAAF028728D44000124F5 /* DockableController.swift in Sources */,
				FEB33294283B903300D768C6 /* AAPLEAGLLayer.m in Sources */,
				FEBD59F8283B6AB000AE9482 /* ViewController.swift in Sources */,
				FEEEB68328F6600F00D8357B /* H265Encoder.swift in Sources */,
				FEE12CC428FC68E400211967 /* SignalingClient.swift in Sources */,
				FEBD59F4283B6AB000AE9482 /* AppDelegate.swift in Sources */,
				FEE12CCC28FC68F100211967 /* RTCStates.swift in Sources */,
				FEB3329C283DE2BB00D768C6 /* H264Decoder.swift in Sources */,
				FEE12CCD28FC68F100211967 /* SessionDescription.swift in Sources */,
				FEE12CCE28FC68F100211967 /* IceCandidate.swift in Sources */,
				FEE12CB128F9D15D00211967 /* VideoDecoder.swift in Sources */,
				FEEEB68528F6710700D8357B /* H265Decoder.swift in Sources */,
				FEB33291283B8A8D00D768C6 /* H264Decoder.m in Sources */,
				FEEEB6B128F7059E00D8357B /* AACPlayer.swift in Sources */,
				FEE12CD228FC694600211967 /* SignalMessage.swift in Sources */,
				FEE12CB328F9D16800211967 /* VideoEncoder.swift in Sources */,
				FEB332A1283E149D00D768C6 /* AACPlayer.m in Sources */,
			);
			runOnlyForDeploymentPostprocessing = 0;
		};
		FEBD5A02283B6AB300AE9482 /* Sources */ = {
			isa = PBXSourcesBuildPhase;
			buildActionMask = 2147483647;
			files = (
				FEBD5A0B283B6AB300AE9482 /* TPVideoCallTests.swift in Sources */,
			);
			runOnlyForDeploymentPostprocessing = 0;
		};
		FEBD5A0C283B6AB300AE9482 /* Sources */ = {
			isa = PBXSourcesBuildPhase;
			buildActionMask = 2147483647;
			files = (
				FEBD5A17283B6AB300AE9482 /* TPVideoCallUITestsLaunchTests.swift in Sources */,
				FEBD5A15283B6AB300AE9482 /* TPVideoCallUITests.swift in Sources */,
			);
			runOnlyForDeploymentPostprocessing = 0;
		};
/* End PBXSourcesBuildPhase section */

/* Begin PBXTargetDependency section */
		FEBD5A08283B6AB300AE9482 /* PBXTargetDependency */ = {
			isa = PBXTargetDependency;
			target = FEBD59EF283B6AB000AE9482 /* TPVideoCall */;
			targetProxy = FEBD5A07283B6AB300AE9482 /* PBXContainerItemProxy */;
		};
		FEBD5A12283B6AB300AE9482 /* PBXTargetDependency */ = {
			isa = PBXTargetDependency;
			target = FEBD59EF283B6AB000AE9482 /* TPVideoCall */;
			targetProxy = FEBD5A11283B6AB300AE9482 /* PBXContainerItemProxy */;
		};
/* End PBXTargetDependency section */

/* Begin PBXVariantGroup section */
		FEBD59F9283B6AB000AE9482 /* Main.storyboard */ = {
			isa = PBXVariantGroup;
			children = (
				FEBD59FA283B6AB000AE9482 /* Base */,
			);
			name = Main.storyboard;
			sourceTree = "<group>";
		};
		FEBD59FE283B6AB200AE9482 /* LaunchScreen.storyboard */ = {
			isa = PBXVariantGroup;
			children = (
				FEBD59FF283B6AB200AE9482 /* Base */,
			);
			name = LaunchScreen.storyboard;
			sourceTree = "<group>";
		};
/* End PBXVariantGroup section */

/* Begin XCBuildConfiguration section */
		FEBD5A18283B6AB300AE9482 /* Debug */ = {
			isa = XCBuildConfiguration;
			buildSettings = {
				ALWAYS_SEARCH_USER_PATHS = NO;
				CLANG_ANALYZER_NONNULL = YES;
				CLANG_ANALYZER_NUMBER_OBJECT_CONVERSION = YES_AGGRESSIVE;
				CLANG_CXX_LANGUAGE_STANDARD = "gnu++17";
				CLANG_ENABLE_MODULES = YES;
				CLANG_ENABLE_OBJC_ARC = YES;
				CLANG_ENABLE_OBJC_WEAK = YES;
				CLANG_WARN_BLOCK_CAPTURE_AUTORELEASING = YES;
				CLANG_WARN_BOOL_CONVERSION = YES;
				CLANG_WARN_COMMA = YES;
				CLANG_WARN_CONSTANT_CONVERSION = YES;
				CLANG_WARN_DEPRECATED_OBJC_IMPLEMENTATIONS = YES;
				CLANG_WARN_DIRECT_OBJC_ISA_USAGE = YES_ERROR;
				CLANG_WARN_DOCUMENTATION_COMMENTS = YES;
				CLANG_WARN_EMPTY_BODY = YES;
				CLANG_WARN_ENUM_CONVERSION = YES;
				CLANG_WARN_INFINITE_RECURSION = YES;
				CLANG_WARN_INT_CONVERSION = YES;
				CLANG_WARN_NON_LITERAL_NULL_CONVERSION = YES;
				CLANG_WARN_OBJC_IMPLICIT_RETAIN_SELF = YES;
				CLANG_WARN_OBJC_LITERAL_CONVERSION = YES;
				CLANG_WARN_OBJC_ROOT_CLASS = YES_ERROR;
				CLANG_WARN_QUOTED_INCLUDE_IN_FRAMEWORK_HEADER = YES;
				CLANG_WARN_RANGE_LOOP_ANALYSIS = YES;
				CLANG_WARN_STRICT_PROTOTYPES = YES;
				CLANG_WARN_SUSPICIOUS_MOVE = YES;
				CLANG_WARN_UNGUARDED_AVAILABILITY = YES_AGGRESSIVE;
				CLANG_WARN_UNREACHABLE_CODE = YES;
				CLANG_WARN__DUPLICATE_METHOD_MATCH = YES;
				COPY_PHASE_STRIP = NO;
				DEBUG_INFORMATION_FORMAT = dwarf;
				ENABLE_STRICT_OBJC_MSGSEND = YES;
				ENABLE_TESTABILITY = YES;
				GCC_C_LANGUAGE_STANDARD = gnu11;
				GCC_DYNAMIC_NO_PIC = NO;
				GCC_NO_COMMON_BLOCKS = YES;
				GCC_OPTIMIZATION_LEVEL = 0;
				GCC_PREPROCESSOR_DEFINITIONS = (
					"DEBUG=1",
					"$(inherited)",
				);
				GCC_WARN_64_TO_32_BIT_CONVERSION = YES;
				GCC_WARN_ABOUT_RETURN_TYPE = YES_ERROR;
				GCC_WARN_UNDECLARED_SELECTOR = YES;
				GCC_WARN_UNINITIALIZED_AUTOS = YES_AGGRESSIVE;
				GCC_WARN_UNUSED_FUNCTION = YES;
				GCC_WARN_UNUSED_VARIABLE = YES;
				IPHONEOS_DEPLOYMENT_TARGET = 14.0;
				MTL_ENABLE_DEBUG_INFO = INCLUDE_SOURCE;
				MTL_FAST_MATH = YES;
				ONLY_ACTIVE_ARCH = YES;
				SDKROOT = iphoneos;
				SWIFT_ACTIVE_COMPILATION_CONDITIONS = DEBUG;
				SWIFT_OPTIMIZATION_LEVEL = "-Onone";
			};
			name = Debug;
		};
		FEBD5A19283B6AB300AE9482 /* Release */ = {
			isa = XCBuildConfiguration;
			buildSettings = {
				ALWAYS_SEARCH_USER_PATHS = NO;
				CLANG_ANALYZER_NONNULL = YES;
				CLANG_ANALYZER_NUMBER_OBJECT_CONVERSION = YES_AGGRESSIVE;
				CLANG_CXX_LANGUAGE_STANDARD = "gnu++17";
				CLANG_ENABLE_MODULES = YES;
				CLANG_ENABLE_OBJC_ARC = YES;
				CLANG_ENABLE_OBJC_WEAK = YES;
				CLANG_WARN_BLOCK_CAPTURE_AUTORELEASING = YES;
				CLANG_WARN_BOOL_CONVERSION = YES;
				CLANG_WARN_COMMA = YES;
				CLANG_WARN_CONSTANT_CONVERSION = YES;
				CLANG_WARN_DEPRECATED_OBJC_IMPLEMENTATIONS = YES;
				CLANG_WARN_DIRECT_OBJC_ISA_USAGE = YES_ERROR;
				CLANG_WARN_DOCUMENTATION_COMMENTS = YES;
				CLANG_WARN_EMPTY_BODY = YES;
				CLANG_WARN_ENUM_CONVERSION = YES;
				CLANG_WARN_INFINITE_RECURSION = YES;
				CLANG_WARN_INT_CONVERSION = YES;
				CLANG_WARN_NON_LITERAL_NULL_CONVERSION = YES;
				CLANG_WARN_OBJC_IMPLICIT_RETAIN_SELF = YES;
				CLANG_WARN_OBJC_LITERAL_CONVERSION = YES;
				CLANG_WARN_OBJC_ROOT_CLASS = YES_ERROR;
				CLANG_WARN_QUOTED_INCLUDE_IN_FRAMEWORK_HEADER = YES;
				CLANG_WARN_RANGE_LOOP_ANALYSIS = YES;
				CLANG_WARN_STRICT_PROTOTYPES = YES;
				CLANG_WARN_SUSPICIOUS_MOVE = YES;
				CLANG_WARN_UNGUARDED_AVAILABILITY = YES_AGGRESSIVE;
				CLANG_WARN_UNREACHABLE_CODE = YES;
				CLANG_WARN__DUPLICATE_METHOD_MATCH = YES;
				COPY_PHASE_STRIP = NO;
				DEBUG_INFORMATION_FORMAT = "dwarf-with-dsym";
				ENABLE_NS_ASSERTIONS = NO;
				ENABLE_STRICT_OBJC_MSGSEND = YES;
				GCC_C_LANGUAGE_STANDARD = gnu11;
				GCC_NO_COMMON_BLOCKS = YES;
				GCC_WARN_64_TO_32_BIT_CONVERSION = YES;
				GCC_WARN_ABOUT_RETURN_TYPE = YES_ERROR;
				GCC_WARN_UNDECLARED_SELECTOR = YES;
				GCC_WARN_UNINITIALIZED_AUTOS = YES_AGGRESSIVE;
				GCC_WARN_UNUSED_FUNCTION = YES;
				GCC_WARN_UNUSED_VARIABLE = YES;
				IPHONEOS_DEPLOYMENT_TARGET = 14.0;
				MTL_ENABLE_DEBUG_INFO = NO;
				MTL_FAST_MATH = YES;
				SDKROOT = iphoneos;
				SWIFT_COMPILATION_MODE = wholemodule;
				SWIFT_OPTIMIZATION_LEVEL = "-O";
				VALIDATE_PRODUCT = YES;
			};
			name = Release;
		};
		FEBD5A1B283B6AB300AE9482 /* Debug */ = {
			isa = XCBuildConfiguration;
			buildSettings = {
				ASSETCATALOG_COMPILER_APPICON_NAME = AppIcon;
				ASSETCATALOG_COMPILER_GLOBAL_ACCENT_COLOR_NAME = AccentColor;
				CLANG_ENABLE_MODULES = YES;
				CODE_SIGN_IDENTITY = "Apple Development";
				CODE_SIGN_STYLE = Automatic;
				CURRENT_PROJECT_VERSION = 1;
				DEVELOPMENT_TEAM = 7755R4CX4U;
				GENERATE_INFOPLIST_FILE = YES;
				INFOPLIST_FILE = TPVideoCall/Info.plist;
				INFOPLIST_KEY_NSCameraUsageDescription = "TPVideoCall camera description.";
				INFOPLIST_KEY_NSMicrophoneUsageDescription = "TPVideoCall micro description.";
				INFOPLIST_KEY_UIApplicationSupportsIndirectInputEvents = YES;
				INFOPLIST_KEY_UILaunchStoryboardName = LaunchScreen;
				INFOPLIST_KEY_UIMainStoryboardFile = Main;
				INFOPLIST_KEY_UISupportedInterfaceOrientations_iPad = "UIInterfaceOrientationPortrait UIInterfaceOrientationPortraitUpsideDown UIInterfaceOrientationLandscapeLeft UIInterfaceOrientationLandscapeRight";
				INFOPLIST_KEY_UISupportedInterfaceOrientations_iPhone = "UIInterfaceOrientationPortrait UIInterfaceOrientationLandscapeLeft UIInterfaceOrientationLandscapeRight";
				IPHONEOS_DEPLOYMENT_TARGET = 11.0;
				LD_RUNPATH_SEARCH_PATHS = (
					"$(inherited)",
					"@executable_path/Frameworks",
				);
				MARKETING_VERSION = 1.0;
				PRODUCT_BUNDLE_IDENTIFIER = beta.ftel.cmr.camera;
				PRODUCT_NAME = "$(TARGET_NAME)";
				PROVISIONING_PROFILE_SPECIFIER = "";
				SWIFT_EMIT_LOC_STRINGS = YES;
				SWIFT_OBJC_BRIDGING_HEADER = "TPVideoCall/Lib/TPVideoCall-Bridging-Header.h";
				SWIFT_OPTIMIZATION_LEVEL = "-Onone";
				SWIFT_VERSION = 5.0;
				TARGETED_DEVICE_FAMILY = "1,2";
			};
			name = Debug;
		};
		FEBD5A1C283B6AB300AE9482 /* Release */ = {
			isa = XCBuildConfiguration;
			buildSettings = {
				ASSETCATALOG_COMPILER_APPICON_NAME = AppIcon;
				ASSETCATALOG_COMPILER_GLOBAL_ACCENT_COLOR_NAME = AccentColor;
				CLANG_ENABLE_MODULES = YES;
				CODE_SIGN_IDENTITY = "Apple Development";
				CODE_SIGN_STYLE = Automatic;
				CURRENT_PROJECT_VERSION = 1;
				DEVELOPMENT_TEAM = 7755R4CX4U;
				GENERATE_INFOPLIST_FILE = YES;
				INFOPLIST_FILE = TPVideoCall/Info.plist;
				INFOPLIST_KEY_NSCameraUsageDescription = "TPVideoCall camera description.";
				INFOPLIST_KEY_NSMicrophoneUsageDescription = "TPVideoCall micro description.";
				INFOPLIST_KEY_UIApplicationSupportsIndirectInputEvents = YES;
				INFOPLIST_KEY_UILaunchStoryboardName = LaunchScreen;
				INFOPLIST_KEY_UIMainStoryboardFile = Main;
				INFOPLIST_KEY_UISupportedInterfaceOrientations_iPad = "UIInterfaceOrientationPortrait UIInterfaceOrientationPortraitUpsideDown UIInterfaceOrientationLandscapeLeft UIInterfaceOrientationLandscapeRight";
				INFOPLIST_KEY_UISupportedInterfaceOrientations_iPhone = "UIInterfaceOrientationPortrait UIInterfaceOrientationLandscapeLeft UIInterfaceOrientationLandscapeRight";
				IPHONEOS_DEPLOYMENT_TARGET = 11.0;
				LD_RUNPATH_SEARCH_PATHS = (
					"$(inherited)",
					"@executable_path/Frameworks",
				);
				MARKETING_VERSION = 1.0;
				PRODUCT_BUNDLE_IDENTIFIER = beta.ftel.cmr.camera;
				PRODUCT_NAME = "$(TARGET_NAME)";
				PROVISIONING_PROFILE_SPECIFIER = "";
				SWIFT_EMIT_LOC_STRINGS = YES;
				SWIFT_OBJC_BRIDGING_HEADER = "TPVideoCall/Lib/TPVideoCall-Bridging-Header.h";
				SWIFT_VERSION = 5.0;
				TARGETED_DEVICE_FAMILY = "1,2";
			};
			name = Release;
		};
		FEBD5A1E283B6AB300AE9482 /* Debug */ = {
			isa = XCBuildConfiguration;
			buildSettings = {
				ALWAYS_EMBED_SWIFT_STANDARD_LIBRARIES = YES;
				BUNDLE_LOADER = "$(TEST_HOST)";
				CODE_SIGN_STYLE = Automatic;
				CURRENT_PROJECT_VERSION = 1;
				GENERATE_INFOPLIST_FILE = YES;
				IPHONEOS_DEPLOYMENT_TARGET = 15.4;
				MARKETING_VERSION = 1.0;
				PRODUCT_BUNDLE_IDENTIFIER = TrucPham.TPVideoCallTests;
				PRODUCT_NAME = "$(TARGET_NAME)";
				SWIFT_EMIT_LOC_STRINGS = NO;
				SWIFT_VERSION = 5.0;
				TARGETED_DEVICE_FAMILY = "1,2";
				TEST_HOST = "$(BUILT_PRODUCTS_DIR)/TPVideoCall.app/TPVideoCall";
			};
			name = Debug;
		};
		FEBD5A1F283B6AB300AE9482 /* Release */ = {
			isa = XCBuildConfiguration;
			buildSettings = {
				ALWAYS_EMBED_SWIFT_STANDARD_LIBRARIES = YES;
				BUNDLE_LOADER = "$(TEST_HOST)";
				CODE_SIGN_STYLE = Automatic;
				CURRENT_PROJECT_VERSION = 1;
				GENERATE_INFOPLIST_FILE = YES;
				IPHONEOS_DEPLOYMENT_TARGET = 15.4;
				MARKETING_VERSION = 1.0;
				PRODUCT_BUNDLE_IDENTIFIER = TrucPham.TPVideoCallTests;
				PRODUCT_NAME = "$(TARGET_NAME)";
				SWIFT_EMIT_LOC_STRINGS = NO;
				SWIFT_VERSION = 5.0;
				TARGETED_DEVICE_FAMILY = "1,2";
				TEST_HOST = "$(BUILT_PRODUCTS_DIR)/TPVideoCall.app/TPVideoCall";
			};
			name = Release;
		};
		FEBD5A21283B6AB300AE9482 /* Debug */ = {
			isa = XCBuildConfiguration;
			buildSettings = {
				ALWAYS_EMBED_SWIFT_STANDARD_LIBRARIES = YES;
				CODE_SIGN_STYLE = Automatic;
				CURRENT_PROJECT_VERSION = 1;
				GENERATE_INFOPLIST_FILE = YES;
				MARKETING_VERSION = 1.0;
				PRODUCT_BUNDLE_IDENTIFIER = TrucPham.TPVideoCallUITests;
				PRODUCT_NAME = "$(TARGET_NAME)";
				SWIFT_EMIT_LOC_STRINGS = NO;
				SWIFT_VERSION = 5.0;
				TARGETED_DEVICE_FAMILY = "1,2";
				TEST_TARGET_NAME = TPVideoCall;
			};
			name = Debug;
		};
		FEBD5A22283B6AB300AE9482 /* Release */ = {
			isa = XCBuildConfiguration;
			buildSettings = {
				ALWAYS_EMBED_SWIFT_STANDARD_LIBRARIES = YES;
				CODE_SIGN_STYLE = Automatic;
				CURRENT_PROJECT_VERSION = 1;
				GENERATE_INFOPLIST_FILE = YES;
				MARKETING_VERSION = 1.0;
				PRODUCT_BUNDLE_IDENTIFIER = TrucPham.TPVideoCallUITests;
				PRODUCT_NAME = "$(TARGET_NAME)";
				SWIFT_EMIT_LOC_STRINGS = NO;
				SWIFT_VERSION = 5.0;
				TARGETED_DEVICE_FAMILY = "1,2";
				TEST_TARGET_NAME = TPVideoCall;
			};
			name = Release;
		};
/* End XCBuildConfiguration section */

/* Begin XCConfigurationList section */
		FEBD59EB283B6AB000AE9482 /* Build configuration list for PBXProject "TPVideoCall" */ = {
			isa = XCConfigurationList;
			buildConfigurations = (
				FEBD5A18283B6AB300AE9482 /* Debug */,
				FEBD5A19283B6AB300AE9482 /* Release */,
			);
			defaultConfigurationIsVisible = 0;
			defaultConfigurationName = Release;
		};
		FEBD5A1A283B6AB300AE9482 /* Build configuration list for PBXNativeTarget "TPVideoCall" */ = {
			isa = XCConfigurationList;
			buildConfigurations = (
				FEBD5A1B283B6AB300AE9482 /* Debug */,
				FEBD5A1C283B6AB300AE9482 /* Release */,
			);
			defaultConfigurationIsVisible = 0;
			defaultConfigurationName = Release;
		};
		FEBD5A1D283B6AB300AE9482 /* Build configuration list for PBXNativeTarget "TPVideoCallTests" */ = {
			isa = XCConfigurationList;
			buildConfigurations = (
				FEBD5A1E283B6AB300AE9482 /* Debug */,
				FEBD5A1F283B6AB300AE9482 /* Release */,
			);
			defaultConfigurationIsVisible = 0;
			defaultConfigurationName = Release;
		};
		FEBD5A20283B6AB300AE9482 /* Build configuration list for PBXNativeTarget "TPVideoCallUITests" */ = {
			isa = XCConfigurationList;
			buildConfigurations = (
				FEBD5A21283B6AB300AE9482 /* Debug */,
				FEBD5A22283B6AB300AE9482 /* Release */,
			);
			defaultConfigurationIsVisible = 0;
			defaultConfigurationName = Release;
		};
/* End XCConfigurationList section */

/* Begin XCRemoteSwiftPackageReference section */
		FEEEB69B28F6A33500D8357B /* XCRemoteSwiftPackageReference "Starscream" */ = {
			isa = XCRemoteSwiftPackageReference;
			repositoryURL = "https://github.com/daltoniam/Starscream.git";
			requirement = {
				branch = master;
				kind = branch;
			};
		};
/* End XCRemoteSwiftPackageReference section */

/* Begin XCSwiftPackageProductDependency section */
		FEEEB6A928F6AB6500D8357B /* Starscream */ = {
			isa = XCSwiftPackageProductDependency;
			package = FEEEB69B28F6A33500D8357B /* XCRemoteSwiftPackageReference "Starscream" */;
			productName = Starscream;
		};
/* End XCSwiftPackageProductDependency section */
	};
	rootObject = FEBD59E8283B6AB000AE9482 /* Project object */;
}
